// !$*UTF8*$!
{
	archiveVersion = 1;
	classes = {
	};
	objectVersion = 46;
	objects = {

/* Begin PBXBuildFile section */
		130AF45C14A1BD8F00E7DF47 /* bluesnowflake-iPad.png in Resources */ = {isa = PBXBuildFile; fileRef = 130AF45814A1BD8F00E7DF47 /* bluesnowflake-iPad.png */; };
		130AF45D14A1BD8F00E7DF47 /* bluesnowflake.png in Resources */ = {isa = PBXBuildFile; fileRef = 130AF45914A1BD8F00E7DF47 /* bluesnowflake.png */; };
		130AF45F14A1BD8F00E7DF47 /* bluesnowflake@2x.png in Resources */ = {isa = PBXBuildFile; fileRef = 130AF45B14A1BD8F00E7DF47 /* bluesnowflake@2x.png */; };
		130AF46214A1BDAA00E7DF47 /* Christmas House.jpg in Resources */ = {isa = PBXBuildFile; fileRef = 130AF46114A1BDAA00E7DF47 /* Christmas House.jpg */; };
		13EC862714A1BB260001CDC9 /* UIKit.framework in Frameworks */ = {isa = PBXBuildFile; fileRef = 13EC862614A1BB260001CDC9 /* UIKit.framework */; };
		13EC862914A1BB260001CDC9 /* Foundation.framework in Frameworks */ = {isa = PBXBuildFile; fileRef = 13EC862814A1BB260001CDC9 /* Foundation.framework */; };
		13EC862B14A1BB260001CDC9 /* CoreGraphics.framework in Frameworks */ = {isa = PBXBuildFile; fileRef = 13EC862A14A1BB260001CDC9 /* CoreGraphics.framework */; };
		13EC863114A1BB260001CDC9 /* InfoPlist.strings in Resources */ = {isa = PBXBuildFile; fileRef = 13EC862F14A1BB260001CDC9 /* InfoPlist.strings */; };
		13EC863314A1BB260001CDC9 /* main.m in Sources */ = {isa = PBXBuildFile; fileRef = 13EC863214A1BB260001CDC9 /* main.m */; };
		13EC863714A1BB260001CDC9 /* AppDelegate.m in Sources */ = {isa = PBXBuildFile; fileRef = 13EC863614A1BB260001CDC9 /* AppDelegate.m */; };
		13EC863A14A1BB260001CDC9 /* ViewController.m in Sources */ = {isa = PBXBuildFile; fileRef = 13EC863914A1BB260001CDC9 /* ViewController.m */; };
		13EC863D14A1BB260001CDC9 /* ViewController_iPhone.xib in Resources */ = {isa = PBXBuildFile; fileRef = 13EC863B14A1BB260001CDC9 /* ViewController_iPhone.xib */; };
		13EC864014A1BB260001CDC9 /* ViewController_iPad.xib in Resources */ = {isa = PBXBuildFile; fileRef = 13EC863E14A1BB260001CDC9 /* ViewController_iPad.xib */; };
		13EC865714A1BC6E0001CDC9 /* QuartzCore.framework in Frameworks */ = {isa = PBXBuildFile; fileRef = 13EC865614A1BC6E0001CDC9 /* QuartzCore.framework */; };
		9F21A103164452B300A6E53E /* SnowFalling.framework in Frameworks */ = {isa = PBXBuildFile; fileRef = 9F21A102164452B300A6E53E /* SnowFalling.framework */; };
/* End PBXBuildFile section */

/* Begin PBXFileReference section */
		130AF45814A1BD8F00E7DF47 /* bluesnowflake-iPad.png */ = {isa = PBXFileReference; lastKnownFileType = image.png; path = "bluesnowflake-iPad.png"; sourceTree = "<group>"; };
		130AF45914A1BD8F00E7DF47 /* bluesnowflake.png */ = {isa = PBXFileReference; lastKnownFileType = image.png; path = bluesnowflake.png; sourceTree = "<group>"; };
		130AF45B14A1BD8F00E7DF47 /* bluesnowflake@2x.png */ = {isa = PBXFileReference; lastKnownFileType = image.png; path = "bluesnowflake@2x.png"; sourceTree = "<group>"; };
		130AF46114A1BDAA00E7DF47 /* Christmas House.jpg */ = {isa = PBXFileReference; lastKnownFileType = image.jpeg; path = "Christmas House.jpg"; sourceTree = "<group>"; };
		13EC862214A1BB260001CDC9 /* SnowFalling Sample.app */ = {isa = PBXFileReference; explicitFileType = wrapper.application; includeInIndex = 0; path = "SnowFalling Sample.app"; sourceTree = BUILT_PRODUCTS_DIR; };
		13EC862614A1BB260001CDC9 /* UIKit.framework */ = {isa = PBXFileReference; lastKnownFileType = wrapper.framework; name = UIKit.framework; path = System/Library/Frameworks/UIKit.framework; sourceTree = SDKROOT; };
		13EC862814A1BB260001CDC9 /* Foundation.framework */ = {isa = PBXFileReference; lastKnownFileType = wrapper.framework; name = Foundation.framework; path = System/Library/Frameworks/Foundation.framework; sourceTree = SDKROOT; };
		13EC862A14A1BB260001CDC9 /* CoreGraphics.framework */ = {isa = PBXFileReference; lastKnownFileType = wrapper.framework; name = CoreGraphics.framework; path = System/Library/Frameworks/CoreGraphics.framework; sourceTree = SDKROOT; };
		13EC862E14A1BB260001CDC9 /* SnowFalling Sample-Info.plist */ = {isa = PBXFileReference; lastKnownFileType = text.plist.xml; path = "SnowFalling Sample-Info.plist"; sourceTree = "<group>"; };
		13EC863014A1BB260001CDC9 /* en */ = {isa = PBXFileReference; lastKnownFileType = text.plist.strings; name = en; path = en.lproj/InfoPlist.strings; sourceTree = "<group>"; };
		13EC863214A1BB260001CDC9 /* main.m */ = {isa = PBXFileReference; lastKnownFileType = sourcecode.c.objc; path = main.m; sourceTree = "<group>"; };
		13EC863414A1BB260001CDC9 /* SnowFalling Sample-Prefix.pch */ = {isa = PBXFileReference; lastKnownFileType = sourcecode.c.h; path = "SnowFalling Sample-Prefix.pch"; sourceTree = "<group>"; };
		13EC863514A1BB260001CDC9 /* AppDelegate.h */ = {isa = PBXFileReference; lastKnownFileType = sourcecode.c.h; path = AppDelegate.h; sourceTree = "<group>"; };
		13EC863614A1BB260001CDC9 /* AppDelegate.m */ = {isa = PBXFileReference; lastKnownFileType = sourcecode.c.objc; path = AppDelegate.m; sourceTree = "<group>"; };
		13EC863814A1BB260001CDC9 /* ViewController.h */ = {isa = PBXFileReference; lastKnownFileType = sourcecode.c.h; path = ViewController.h; sourceTree = "<group>"; };
		13EC863914A1BB260001CDC9 /* ViewController.m */ = {isa = PBXFileReference; lastKnownFileType = sourcecode.c.objc; path = ViewController.m; sourceTree = "<group>"; };
		13EC863C14A1BB260001CDC9 /* en */ = {isa = PBXFileReference; lastKnownFileType = file.xib; name = en; path = en.lproj/ViewController_iPhone.xib; sourceTree = "<group>"; };
		13EC863F14A1BB260001CDC9 /* en */ = {isa = PBXFileReference; lastKnownFileType = file.xib; name = en; path = en.lproj/ViewController_iPad.xib; sourceTree = "<group>"; };
		13EC865614A1BC6E0001CDC9 /* QuartzCore.framework */ = {isa = PBXFileReference; lastKnownFileType = wrapper.framework; name = QuartzCore.framework; path = System/Library/Frameworks/QuartzCore.framework; sourceTree = SDKROOT; };
		9F21A102164452B300A6E53E /* SnowFalling.framework */ = {isa = PBXFileReference; lastKnownFileType = wrapper.framework; name = SnowFalling.framework; path = ../SnowFalling.framework; sourceTree = "<group>"; };
/* End PBXFileReference section */

/* Begin PBXFrameworksBuildPhase section */
		13EC861F14A1BB260001CDC9 /* Frameworks */ = {
			isa = PBXFrameworksBuildPhase;
			buildActionMask = 2147483647;
			files = (
				13EC865714A1BC6E0001CDC9 /* QuartzCore.framework in Frameworks */,
				13EC862714A1BB260001CDC9 /* UIKit.framework in Frameworks */,
				13EC862914A1BB260001CDC9 /* Foundation.framework in Frameworks */,
				13EC862B14A1BB260001CDC9 /* CoreGraphics.framework in Frameworks */,
				9F21A103164452B300A6E53E /* SnowFalling.framework in Frameworks */,
			);
			runOnlyForDeploymentPostprocessing = 0;
		};
/* End PBXFrameworksBuildPhase section */

/* Begin PBXGroup section */
		13EC861714A1BB260001CDC9 = {
			isa = PBXGroup;
			children = (
				13EC862C14A1BB260001CDC9 /* SnowFalling Sample */,
				13EC862514A1BB260001CDC9 /* Frameworks */,
				13EC862314A1BB260001CDC9 /* Products */,
			);
			sourceTree = "<group>";
		};
		13EC862314A1BB260001CDC9 /* Products */ = {
			isa = PBXGroup;
			children = (
				13EC862214A1BB260001CDC9 /* SnowFalling Sample.app */,
			);
			name = Products;
			sourceTree = "<group>";
		};
		13EC862514A1BB260001CDC9 /* Frameworks */ = {
			isa = PBXGroup;
			children = (
				9F21A102164452B300A6E53E /* SnowFalling.framework */,
				13EC865614A1BC6E0001CDC9 /* QuartzCore.framework */,
				13EC862614A1BB260001CDC9 /* UIKit.framework */,
				13EC862814A1BB260001CDC9 /* Foundation.framework */,
				13EC862A14A1BB260001CDC9 /* CoreGraphics.framework */,
			);
			name = Frameworks;
			sourceTree = "<group>";
		};
		13EC862C14A1BB260001CDC9 /* SnowFalling Sample */ = {
			isa = PBXGroup;
			children = (
				13EC863514A1BB260001CDC9 /* AppDelegate.h */,
				13EC863614A1BB260001CDC9 /* AppDelegate.m */,
				13EC863814A1BB260001CDC9 /* ViewController.h */,
				13EC863914A1BB260001CDC9 /* ViewController.m */,
				13EC863B14A1BB260001CDC9 /* ViewController_iPhone.xib */,
				13EC863E14A1BB260001CDC9 /* ViewController_iPad.xib */,
				130AF45814A1BD8F00E7DF47 /* bluesnowflake-iPad.png */,
				130AF45914A1BD8F00E7DF47 /* bluesnowflake.png */,
				130AF45B14A1BD8F00E7DF47 /* bluesnowflake@2x.png */,
				130AF46114A1BDAA00E7DF47 /* Christmas House.jpg */,
				13EC862D14A1BB260001CDC9 /* Supporting Files */,
			);
			path = "SnowFalling Sample";
			sourceTree = "<group>";
		};
		13EC862D14A1BB260001CDC9 /* Supporting Files */ = {
			isa = PBXGroup;
			children = (
				13EC862E14A1BB260001CDC9 /* SnowFalling Sample-Info.plist */,
				13EC862F14A1BB260001CDC9 /* InfoPlist.strings */,
				13EC863214A1BB260001CDC9 /* main.m */,
				13EC863414A1BB260001CDC9 /* SnowFalling Sample-Prefix.pch */,
			);
			name = "Supporting Files";
			sourceTree = "<group>";
		};
/* End PBXGroup section */

/* Begin PBXNativeTarget section */
		13EC862114A1BB260001CDC9 /* SnowFalling Sample */ = {
			isa = PBXNativeTarget;
			buildConfigurationList = 13EC864314A1BB260001CDC9 /* Build configuration list for PBXNativeTarget "SnowFalling Sample" */;
			buildPhases = (
				13EC861E14A1BB260001CDC9 /* Sources */,
				13EC861F14A1BB260001CDC9 /* Frameworks */,
				13EC862014A1BB260001CDC9 /* Resources */,
			);
			buildRules = (
			);
			dependencies = (
			);
			name = "SnowFalling Sample";
			productName = "SnowFalling Sample";
			productReference = 13EC862214A1BB260001CDC9 /* SnowFalling Sample.app */;
			productType = "com.apple.product-type.application";
		};
/* End PBXNativeTarget section */

/* Begin PBXProject section */
		13EC861914A1BB260001CDC9 /* Project object */ = {
			isa = PBXProject;
			attributes = {
				LastUpgradeCheck = 0420;
				ORGANIZATIONNAME = Prioregroup.com;
			};
			buildConfigurationList = 13EC861C14A1BB260001CDC9 /* Build configuration list for PBXProject "SnowFalling Sample" */;
			compatibilityVersion = "Xcode 3.2";
			developmentRegion = English;
			hasScannedForEncodings = 0;
			knownRegions = (
				en,
			);
			mainGroup = 13EC861714A1BB260001CDC9;
			productRefGroup = 13EC862314A1BB260001CDC9 /* Products */;
			projectDirPath = "";
			projectRoot = "";
			targets = (
				13EC862114A1BB260001CDC9 /* SnowFalling Sample */,
			);
		};
/* End PBXProject section */

/* Begin PBXResourcesBuildPhase section */
		13EC862014A1BB260001CDC9 /* Resources */ = {
			isa = PBXResourcesBuildPhase;
			buildActionMask = 2147483647;
			files = (
				13EC863114A1BB260001CDC9 /* InfoPlist.strings in Resources */,
				13EC863D14A1BB260001CDC9 /* ViewController_iPhone.xib in Resources */,
				13EC864014A1BB260001CDC9 /* ViewController_iPad.xib in Resources */,
				130AF45C14A1BD8F00E7DF47 /* bluesnowflake-iPad.png in Resources */,
				130AF45D14A1BD8F00E7DF47 /* bluesnowflake.png in Resources */,
				130AF45F14A1BD8F00E7DF47 /* bluesnowflake@2x.png in Resources */,
				130AF46214A1BDAA00E7DF47 /* Christmas House.jpg in Resources */,
			);
			runOnlyForDeploymentPostprocessing = 0;
		};
/* End PBXResourcesBuildPhase section */

/* Begin PBXSourcesBuildPhase section */
		13EC861E14A1BB260001CDC9 /* Sources */ = {
			isa = PBXSourcesBuildPhase;
			buildActionMask = 2147483647;
			files = (
				13EC863314A1BB260001CDC9 /* main.m in Sources */,
				13EC863714A1BB260001CDC9 /* AppDelegate.m in Sources */,
				13EC863A14A1BB260001CDC9 /* ViewController.m in Sources */,
			);
			runOnlyForDeploymentPostprocessing = 0;
		};
/* End PBXSourcesBuildPhase section */

/* Begin PBXVariantGroup section */
		13EC862F14A1BB260001CDC9 /* InfoPlist.strings */ = {
			isa = PBXVariantGroup;
			children = (
				13EC863014A1BB260001CDC9 /* en */,
			);
			name = InfoPlist.strings;
			sourceTree = "<group>";
		};
		13EC863B14A1BB260001CDC9 /* ViewController_iPhone.xib */ = {
			isa = PBXVariantGroup;
			children = (
				13EC863C14A1BB260001CDC9 /* en */,
			);
			name = ViewController_iPhone.xib;
			sourceTree = "<group>";
		};
		13EC863E14A1BB260001CDC9 /* ViewController_iPad.xib */ = {
			isa = PBXVariantGroup;
			children = (
				13EC863F14A1BB260001CDC9 /* en */,
			);
			name = ViewController_iPad.xib;
			sourceTree = "<group>";
		};
/* End PBXVariantGroup section */

/* Begin XCBuildConfiguration section */
		13EC864114A1BB260001CDC9 /* Debug */ = {
			isa = XCBuildConfiguration;
			buildSettings = {
				ALWAYS_SEARCH_USER_PATHS = NO;
				ARCHS = "$(ARCHS_STANDARD_32_BIT)";
				CLANG_ENABLE_OBJC_ARC = YES;
				CODE_SIGN_IDENTITY = "iPhone Developer";
				COPY_PHASE_STRIP = NO;
				GCC_C_LANGUAGE_STANDARD = gnu99;
				GCC_DYNAMIC_NO_PIC = NO;
				GCC_OPTIMIZATION_LEVEL = 0;
				GCC_PREPROCESSOR_DEFINITIONS = (
					"DEBUG=1",
					"$(inherited)",
				);
				GCC_SYMBOLS_PRIVATE_EXTERN = NO;
				GCC_VERSION = com.apple.compilers.llvm.clang.1_0;
				GCC_WARN_ABOUT_MISSING_PROTOTYPES = YES;
				GCC_WARN_ABOUT_RETURN_TYPE = YES;
				GCC_WARN_UNUSED_VARIABLE = YES;
				IPHONEOS_DEPLOYMENT_TARGET = 5.0;
				PROVISIONING_PROFILE = "";
				SDKROOT = iphoneos;
				TARGETED_DEVICE_FAMILY = "1,2";
			};
			name = Debug;
		};
		13EC864214A1BB260001CDC9 /* Release */ = {
			isa = XCBuildConfiguration;
			buildSettings = {
				ALWAYS_SEARCH_USER_PATHS = NO;
				ARCHS = "$(ARCHS_STANDARD_32_BIT)";
				CLANG_ENABLE_OBJC_ARC = YES;
				CODE_SIGN_IDENTITY = "iPhone Developer";
				COPY_PHASE_STRIP = YES;
				GCC_C_LANGUAGE_STANDARD = gnu99;
				GCC_VERSION = com.apple.compilers.llvm.clang.1_0;
				GCC_WARN_ABOUT_MISSING_PROTOTYPES = YES;
				GCC_WARN_ABOUT_RETURN_TYPE = YES;
				GCC_WARN_UNUSED_VARIABLE = YES;
				IPHONEOS_DEPLOYMENT_TARGET = 5.0;
				OTHER_CFLAGS = "-DNS_BLOCK_ASSERTIONS=1";
				PROVISIONING_PROFILE = "";
				SDKROOT = iphoneos;
				TARGETED_DEVICE_FAMILY = "1,2";
				VALIDATE_PRODUCT = YES;
			};
			name = Release;
		};
		13EC864414A1BB260001CDC9 /* Debug */ = {
			isa = XCBuildConfiguration;
			buildSettings = {
				FRAMEWORK_SEARCH_PATHS = (
					"$(inherited)",
					"\"$(SRCROOT)/../build/Debug-iphoneos\"",
					"\"$(SRCROOT)/..\"",
				);
				GCC_PRECOMPILE_PREFIX_HEADER = YES;
				GCC_PREFIX_HEADER = "SnowFalling Sample/SnowFalling Sample-Prefix.pch";
				INFOPLIST_FILE = "SnowFalling Sample/SnowFalling Sample-Info.plist";
				PRODUCT_NAME = "$(TARGET_NAME)";
				WRAPPER_EXTENSION = app;
			};
			name = Debug;
		};
		13EC864514A1BB260001CDC9 /* Release */ = {
			isa = XCBuildConfiguration;
			buildSettings = {
				FRAMEWORK_SEARCH_PATHS = (
					"$(inherited)",
					"\"$(SRCROOT)/../build/Debug-iphoneos\"",
					"\"$(SRCROOT)/..\"",
				);
				GCC_PRECOMPILE_PREFIX_HEADER = YES;
				GCC_PREFIX_HEADER = "SnowFalling Sample/SnowFalling Sample-Prefix.pch";
				INFOPLIST_FILE = "SnowFalling Sample/SnowFalling Sample-Info.plist";
				PRODUCT_NAME = "$(TARGET_NAME)";
				WRAPPER_EXTENSION = app;
			};
			name = Release;
		};
/* End XCBuildConfiguration section */

/* Begin XCConfigurationList section */
		13EC861C14A1BB260001CDC9 /* Build configuration list for PBXProject "SnowFalling Sample" */ = {
			isa = XCConfigurationList;
			buildConfigurations = (
				13EC864114A1BB260001CDC9 /* Debug */,
				13EC864214A1BB260001CDC9 /* Release */,
			);
			defaultConfigurationIsVisible = 0;
			defaultConfigurationName = Release;
		};
		13EC864314A1BB260001CDC9 /* Build configuration list for PBXNativeTarget "SnowFalling Sample" */ = {
			isa = XCConfigurationList;
			buildConfigurations = (
				13EC864414A1BB260001CDC9 /* Debug */,
				13EC864514A1BB260001CDC9 /* Release */,
			);
			defaultConfigurationIsVisible = 0;
			defaultConfigurationName = Release;
		};
/* End XCConfigurationList section */
	};
	rootObject = 13EC861914A1BB260001CDC9 /* Project object */;
}
